
Microsoft Visual Studio Solution File, Format Version 12.00
# Visual Studio Version 17
VisualStudioVersion = 17.6.33712.159
MinimumVisualStudioVersion = 10.0.40219.1
Project("{9A19103F-16F7-4668-BE54-9A1E7A4F7556}") = "TRDuyguAnalizi", "TRDuyguAnalizi\TRDuyguAnalizi.csproj", "{384E4DAB-9E01-4533-A437-06407F548D26}"
EndProject
Global
	GlobalSection(SolutionConfigurationPlatforms) = preSolution
		Debug|Any CPU = Debug|Any CPU
		Release|Any CPU = Release|Any CPU
	EndGlobalSection
	GlobalSection(ProjectConfigurationPlatforms) = postSolution
		{384E4DAB-9E01-4533-A437-06407F548D26}.Debug|Any CPU.ActiveCfg = Debug|Any CPU
		{384E4DAB-9E01-4533-A437-06407F548D26}.Debug|Any CPU.Build.0 = Debug|Any CPU
		{384E4DAB-9E01-4533-A437-06407F548D26}.Release|Any CPU.ActiveCfg = Release|Any CPU
		{384E4DAB-9E01-4533-A437-06407F548D26}.Release|Any CPU.Build.0 = Release|Any CPU
	EndGlobalSection
	GlobalSection(SolutionProperties) = preSolution
		HideSolutionNode = FALSE
	EndGlobalSection
	GlobalSection(ExtensibilityGlobals) = postSolution
		SolutionGuid = {EF6E15D8-E08B-495A-AFCE-6147C6772028}
	EndGlobalSection
EndGlobal
